
Microsoft Visual Studio Solution File, Format Version 12.00
# Visual Studio Version 17
VisualStudioVersion = 17.0.31919.166
MinimumVisualStudioVersion = 10.0.40219.1
Project("{9A19103F-16F7-4668-BE54-9A1E7A4F7556}") = "FrontAndBack", "WebApplication2\FrontAndBack.csproj", "{618E2B5D-FDA9-460A-AAB9-9C8A0405C190}"
EndProject
Project("{9A19103F-16F7-4668-BE54-9A1E7A4F7556}") = "FrontAndBack.Models", "FrontAndBack.Models\FrontAndBack.Models.csproj", "{1C5D809E-F8AF-4F74-B212-CB56640EAFB4}"
EndProject
Project("{9A19103F-16F7-4668-BE54-9A1E7A4F7556}") = "FrontAndBack.Services", "FrontAndBack.Services\FrontAndBack.Services.csproj", "{8BBFC7F4-3F65-4C13-898E-79DE6C1D79FE}"
EndProject
Global
	GlobalSection(SolutionConfigurationPlatforms) = preSolution
		Debug|Any CPU = Debug|Any CPU
		Release|Any CPU = Release|Any CPU
	EndGlobalSection
	GlobalSection(ProjectConfigurationPlatforms) = postSolution
		{618E2B5D-FDA9-460A-AAB9-9C8A0405C190}.Debug|Any CPU.ActiveCfg = Debug|Any CPU
		{618E2B5D-FDA9-460A-AAB9-9C8A0405C190}.Debug|Any CPU.Build.0 = Debug|Any CPU
		{618E2B5D-FDA9-460A-AAB9-9C8A0405C190}.Release|Any CPU.ActiveCfg = Release|Any CPU
		{618E2B5D-FDA9-460A-AAB9-9C8A0405C190}.Release|Any CPU.Build.0 = Release|Any CPU
		{1C5D809E-F8AF-4F74-B212-CB56640EAFB4}.Debug|Any CPU.ActiveCfg = Debug|Any CPU
		{1C5D809E-F8AF-4F74-B212-CB56640EAFB4}.Debug|Any CPU.Build.0 = Debug|Any CPU
		{1C5D809E-F8AF-4F74-B212-CB56640EAFB4}.Release|Any CPU.ActiveCfg = Release|Any CPU
		{1C5D809E-F8AF-4F74-B212-CB56640EAFB4}.Release|Any CPU.Build.0 = Release|Any CPU
		{8BBFC7F4-3F65-4C13-898E-79DE6C1D79FE}.Debug|Any CPU.ActiveCfg = Debug|Any CPU
		{8BBFC7F4-3F65-4C13-898E-79DE6C1D79FE}.Debug|Any CPU.Build.0 = Debug|Any CPU
		{8BBFC7F4-3F65-4C13-898E-79DE6C1D79FE}.Release|Any CPU.ActiveCfg = Release|Any CPU
		{8BBFC7F4-3F65-4C13-898E-79DE6C1D79FE}.Release|Any CPU.Build.0 = Release|Any CPU
	EndGlobalSection
	GlobalSection(SolutionProperties) = preSolution
		HideSolutionNode = FALSE
	EndGlobalSection
	GlobalSection(ExtensibilityGlobals) = postSolution
		SolutionGuid = {F8E2450B-B0F4-4C33-84B7-D6476CAB8548}
	EndGlobalSection
EndGlobal
